
Microsoft Visual Studio Solution File, Format Version 12.00
# Visual Studio Version 17
VisualStudioVersion = 17.10.35027.167
MinimumVisualStudioVersion = 10.0.40219.1
Project("{FAE04EC0-301F-11D3-BF4B-00C04F79EFBC}") = "ShowdoMilhão", "ShowdoMilhão\ShowdoMilhão.csproj", "{8538352C-AD20-45E5-98E3-4AAC9F8A984E}"
EndProject
Global
	GlobalSection(SolutionConfigurationPlatforms) = preSolution
		Debug|Any CPU = Debug|Any CPU
		Release|Any CPU = Release|Any CPU
	EndGlobalSection
	GlobalSection(ProjectConfigurationPlatforms) = postSolution
		{8538352C-AD20-45E5-98E3-4AAC9F8A984E}.Debug|Any CPU.ActiveCfg = Debug|Any CPU
		{8538352C-AD20-45E5-98E3-4AAC9F8A984E}.Debug|Any CPU.Build.0 = Debug|Any CPU
		{8538352C-AD20-45E5-98E3-4AAC9F8A984E}.Debug|Any CPU.Deploy.0 = Debug|Any CPU
		{8538352C-AD20-45E5-98E3-4AAC9F8A984E}.Release|Any CPU.ActiveCfg = Release|Any CPU
		{8538352C-AD20-45E5-98E3-4AAC9F8A984E}.Release|Any CPU.Build.0 = Release|Any CPU
		{8538352C-AD20-45E5-98E3-4AAC9F8A984E}.Release|Any CPU.Deploy.0 = Release|Any CPU
	EndGlobalSection
	GlobalSection(SolutionProperties) = preSolution
		HideSolutionNode = FALSE
	EndGlobalSection
	GlobalSection(ExtensibilityGlobals) = postSolution
		SolutionGuid = {B02413AB-B39C-4B3E-A4DA-ED103B904BD5}
	EndGlobalSection
EndGlobal
